Microsoft Visual Studio Solution File, Format Version 12.00
# Visual Studio Version 17
VisualStudioVersion = 17.5.2.0
MinimumVisualStudioVersion = 10.0.40219.1
Project("{FAE04EC0-301F-11D3-BF4B-00C04F79EFBC}") = "csProject", "csProject\csProject.csproj", "{D28DA3B0-7209-EF13-F8ED-F3AD603AF4B4}"
EndProject
Global
	GlobalSection(SolutionConfigurationPlatforms) = preSolution
		Debug|Any CPU = Debug|Any CPU
		Release|Any CPU = Release|Any CPU
	EndGlobalSection
	GlobalSection(ProjectConfigurationPlatforms) = postSolution
		{D28DA3B0-7209-EF13-F8ED-F3AD603AF4B4}.Debug|Any CPU.ActiveCfg = Debug|Any CPU
		{D28DA3B0-7209-EF13-F8ED-F3AD603AF4B4}.Debug|Any CPU.Build.0 = Debug|Any CPU
		{D28DA3B0-7209-EF13-F8ED-F3AD603AF4B4}.Release|Any CPU.ActiveCfg = Release|Any CPU
		{D28DA3B0-7209-EF13-F8ED-F3AD603AF4B4}.Release|Any CPU.Build.0 = Release|Any CPU
	EndGlobalSection
	GlobalSection(SolutionProperties) = preSolution
		HideSolutionNode = FALSE
	EndGlobalSection
	GlobalSection(ExtensibilityGlobals) = postSolution
		SolutionGuid = {89A69498-00CC-49DF-ADB0-E1C233E84115}
	EndGlobalSection
EndGlobal
